// !$*UTF8*$!
{
	archiveVersion = 1;
	classes = {
	};
	objectVersion = 55;
	objects = {

/* Begin PBXBuildFile section */
		3B72F3B0CB11C62A8B5AE767 /* Pods_DevExam.framework in Frameworks */ = {isa = PBXBuildFile; fileRef = 8122EC7A2D8F97719F518EAB /* Pods_DevExam.framework */; };
		E33A25C927D5D8E700F20E34 /* AppDelegate.swift in Sources */ = {isa = PBXBuildFile; fileRef = E33A25C827D5D8E700F20E34 /* AppDelegate.swift */; };
		E33A25D227D5D8EE00F20E34 /* Assets.xcassets in Resources */ = {isa = PBXBuildFile; fileRef = E33A25D127D5D8EE00F20E34 /* Assets.xcassets */; };
		E33A25D527D5D8EE00F20E34 /* LaunchScreen.storyboard in Resources */ = {isa = PBXBuildFile; fileRef = E33A25D327D5D8EE00F20E34 /* LaunchScreen.storyboard */; };
		E33A25E427D5D9C300F20E34 /* SingInPresenter.swift in Sources */ = {isa = PBXBuildFile; fileRef = E33A25DE27D5D9C300F20E34 /* SingInPresenter.swift */; };
		E33A25E527D5D9C300F20E34 /* SingInWorker.swift in Sources */ = {isa = PBXBuildFile; fileRef = E33A25DF27D5D9C300F20E34 /* SingInWorker.swift */; };
		E33A25E627D5D9C300F20E34 /* SingInRouter.swift in Sources */ = {isa = PBXBuildFile; fileRef = E33A25E027D5D9C300F20E34 /* SingInRouter.swift */; };
		E33A25E727D5D9C300F20E34 /* SingInModels.swift in Sources */ = {isa = PBXBuildFile; fileRef = E33A25E127D5D9C300F20E34 /* SingInModels.swift */; };
		E33A25E827D5D9C300F20E34 /* SingInViewController.swift in Sources */ = {isa = PBXBuildFile; fileRef = E33A25E227D5D9C300F20E34 /* SingInViewController.swift */; };
		E33A25E927D5D9C300F20E34 /* SingInInteractor.swift in Sources */ = {isa = PBXBuildFile; fileRef = E33A25E327D5D9C300F20E34 /* SingInInteractor.swift */; };
		E33A25EC27D5F74F00F20E34 /* PhoneMaskModel.swift in Sources */ = {isa = PBXBuildFile; fileRef = E33A25EB27D5F74F00F20E34 /* PhoneMaskModel.swift */; };
		E3ACA87327D76287001BCA41 /* PostResponseModel.swift in Sources */ = {isa = PBXBuildFile; fileRef = E3ACA87227D76287001BCA41 /* PostResponseModel.swift */; };
		E3ACA87B27D793CD001BCA41 /* MainPresenter.swift in Sources */ = {isa = PBXBuildFile; fileRef = E3ACA87527D793CD001BCA41 /* MainPresenter.swift */; };
		E3ACA87C27D793CD001BCA41 /* MainWorker.swift in Sources */ = {isa = PBXBuildFile; fileRef = E3ACA87627D793CD001BCA41 /* MainWorker.swift */; };
		E3ACA87D27D793CD001BCA41 /* MainRouter.swift in Sources */ = {isa = PBXBuildFile; fileRef = E3ACA87727D793CD001BCA41 /* MainRouter.swift */; };
		E3ACA87E27D793CD001BCA41 /* MainModels.swift in Sources */ = {isa = PBXBuildFile; fileRef = E3ACA87827D793CD001BCA41 /* MainModels.swift */; };
		E3ACA87F27D793CD001BCA41 /* MainViewController.swift in Sources */ = {isa = PBXBuildFile; fileRef = E3ACA87927D793CD001BCA41 /* MainViewController.swift */; };
		E3ACA88027D793CD001BCA41 /* MainInteractor.swift in Sources */ = {isa = PBXBuildFile; fileRef = E3ACA87A27D793CD001BCA41 /* MainInteractor.swift */; };
		E3ACA88227D7A8AB001BCA41 /* ListTableView.swift in Sources */ = {isa = PBXBuildFile; fileRef = E3ACA88127D7A8AB001BCA41 /* ListTableView.swift */; };
		E3ACA88527D7A9E0001BCA41 /* ListModel.swift in Sources */ = {isa = PBXBuildFile; fileRef = E3ACA88427D7A9E0001BCA41 /* ListModel.swift */; };
/* End PBXBuildFile section */

/* Begin PBXFileReference section */
		04E8D7F2D1C3E7E355337053 /* Pods-DevExam.debug.xcconfig */ = {isa = PBXFileReference; includeInIndex = 1; lastKnownFileType = text.xcconfig; name = "Pods-DevExam.debug.xcconfig"; path = "Target Support Files/Pods-DevExam/Pods-DevExam.debug.xcconfig"; sourceTree = "<group>"; };
		8122EC7A2D8F97719F518EAB /* Pods_DevExam.framework */ = {isa = PBXFileReference; explicitFileType = wrapper.framework; includeInIndex = 0; path = Pods_DevExam.framework; sourceTree = BUILT_PRODUCTS_DIR; };
		E0C1FF48CF122D85E52F99CF /* Pods-DevExam.release.xcconfig */ = {isa = PBXFileReference; includeInIndex = 1; lastKnownFileType = text.xcconfig; name = "Pods-DevExam.release.xcconfig"; path = "Target Support Files/Pods-DevExam/Pods-DevExam.release.xcconfig"; sourceTree = "<group>"; };
		E33A25C527D5D8E700F20E34 /* DevExam.app */ = {isa = PBXFileReference; explicitFileType = wrapper.application; includeInIndex = 0; path = DevExam.app; sourceTree = BUILT_PRODUCTS_DIR; };
		E33A25C827D5D8E700F20E34 /* AppDelegate.swift */ = {isa = PBXFileReference; lastKnownFileType = sourcecode.swift; path = AppDelegate.swift; sourceTree = "<group>"; };
		E33A25D127D5D8EE00F20E34 /* Assets.xcassets */ = {isa = PBXFileReference; lastKnownFileType = folder.assetcatalog; path = Assets.xcassets; sourceTree = "<group>"; };
		E33A25D427D5D8EE00F20E34 /* Base */ = {isa = PBXFileReference; lastKnownFileType = file.storyboard; name = Base; path = Base.lproj/LaunchScreen.storyboard; sourceTree = "<group>"; };
		E33A25D627D5D8EE00F20E34 /* Info.plist */ = {isa = PBXFileReference; lastKnownFileType = text.plist.xml; path = Info.plist; sourceTree = "<group>"; };
		E33A25DE27D5D9C300F20E34 /* SingInPresenter.swift */ = {isa = PBXFileReference; lastKnownFileType = sourcecode.swift; path = SingInPresenter.swift; sourceTree = "<group>"; };
		E33A25DF27D5D9C300F20E34 /* SingInWorker.swift */ = {isa = PBXFileReference; lastKnownFileType = sourcecode.swift; path = SingInWorker.swift; sourceTree = "<group>"; };
		E33A25E027D5D9C300F20E34 /* SingInRouter.swift */ = {isa = PBXFileReference; lastKnownFileType = sourcecode.swift; path = SingInRouter.swift; sourceTree = "<group>"; };
		E33A25E127D5D9C300F20E34 /* SingInModels.swift */ = {isa = PBXFileReference; lastKnownFileType = sourcecode.swift; path = SingInModels.swift; sourceTree = "<group>"; };
		E33A25E227D5D9C300F20E34 /* SingInViewController.swift */ = {isa = PBXFileReference; lastKnownFileType = sourcecode.swift; path = SingInViewController.swift; sourceTree = "<group>"; };
		E33A25E327D5D9C300F20E34 /* SingInInteractor.swift */ = {isa = PBXFileReference; lastKnownFileType = sourcecode.swift; path = SingInInteractor.swift; sourceTree = "<group>"; };
		E33A25EB27D5F74F00F20E34 /* PhoneMaskModel.swift */ = {isa = PBXFileReference; lastKnownFileType = sourcecode.swift; path = PhoneMaskModel.swift; sourceTree = "<group>"; };
		E3ACA87227D76287001BCA41 /* PostResponseModel.swift */ = {isa = PBXFileReference; lastKnownFileType = sourcecode.swift; path = PostResponseModel.swift; sourceTree = "<group>"; };
		E3ACA87527D793CD001BCA41 /* MainPresenter.swift */ = {isa = PBXFileReference; lastKnownFileType = sourcecode.swift; path = MainPresenter.swift; sourceTree = "<group>"; };
		E3ACA87627D793CD001BCA41 /* MainWorker.swift */ = {isa = PBXFileReference; lastKnownFileType = sourcecode.swift; path = MainWorker.swift; sourceTree = "<group>"; };
		E3ACA87727D793CD001BCA41 /* MainRouter.swift */ = {isa = PBXFileReference; lastKnownFileType = sourcecode.swift; path = MainRouter.swift; sourceTree = "<group>"; };
		E3ACA87827D793CD001BCA41 /* MainModels.swift */ = {isa = PBXFileReference; lastKnownFileType = sourcecode.swift; path = MainModels.swift; sourceTree = "<group>"; };
		E3ACA87927D793CD001BCA41 /* MainViewController.swift */ = {isa = PBXFileReference; lastKnownFileType = sourcecode.swift; path = MainViewController.swift; sourceTree = "<group>"; };
		E3ACA87A27D793CD001BCA41 /* MainInteractor.swift */ = {isa = PBXFileReference; lastKnownFileType = sourcecode.swift; path = MainInteractor.swift; sourceTree = "<group>"; };
		E3ACA88127D7A8AB001BCA41 /* ListTableView.swift */ = {isa = PBXFileReference; lastKnownFileType = sourcecode.swift; path = ListTableView.swift; sourceTree = "<group>"; };
		E3ACA88427D7A9E0001BCA41 /* ListModel.swift */ = {isa = PBXFileReference; lastKnownFileType = sourcecode.swift; path = ListModel.swift; sourceTree = "<group>"; };
/* End PBXFileReference section */

/* Begin PBXFrameworksBuildPhase section */
		E33A25C227D5D8E700F20E34 /* Frameworks */ = {
			isa = PBXFrameworksBuildPhase;
			buildActionMask = 2147483647;
			files = (
				3B72F3B0CB11C62A8B5AE767 /* Pods_DevExam.framework in Frameworks */,
			);
			runOnlyForDeploymentPostprocessing = 0;
		};
/* End PBXFrameworksBuildPhase section */

/* Begin PBXGroup section */
		05E432D387A785494592E4C4 /* Frameworks */ = {
			isa = PBXGroup;
			children = (
				8122EC7A2D8F97719F518EAB /* Pods_DevExam.framework */,
			);
			name = Frameworks;
			sourceTree = "<group>";
		};
		BFA5B6225259F85AD2BF3170 /* Pods */ = {
			isa = PBXGroup;
			children = (
				04E8D7F2D1C3E7E355337053 /* Pods-DevExam.debug.xcconfig */,
				E0C1FF48CF122D85E52F99CF /* Pods-DevExam.release.xcconfig */,
			);
			path = Pods;
			sourceTree = "<group>";
		};
		E33A25BC27D5D8E600F20E34 = {
			isa = PBXGroup;
			children = (
				E33A25C727D5D8E700F20E34 /* DevExam */,
				E33A25C627D5D8E700F20E34 /* Products */,
				BFA5B6225259F85AD2BF3170 /* Pods */,
				05E432D387A785494592E4C4 /* Frameworks */,
			);
			sourceTree = "<group>";
		};
		E33A25C627D5D8E700F20E34 /* Products */ = {
			isa = PBXGroup;
			children = (
				E33A25C527D5D8E700F20E34 /* DevExam.app */,
			);
			name = Products;
			sourceTree = "<group>";
		};
		E33A25C727D5D8E700F20E34 /* DevExam */ = {
			isa = PBXGroup;
			children = (
				E33A25EA27D5F73500F20E34 /* Models */,
				E33A25C827D5D8E700F20E34 /* AppDelegate.swift */,
				E33A25DC27D5D96300F20E34 /* Modules */,
				E33A25D127D5D8EE00F20E34 /* Assets.xcassets */,
				E33A25D327D5D8EE00F20E34 /* LaunchScreen.storyboard */,
				E33A25D627D5D8EE00F20E34 /* Info.plist */,
			);
			path = DevExam;
			sourceTree = "<group>";
		};
		E33A25DC27D5D96300F20E34 /* Modules */ = {
			isa = PBXGroup;
			children = (
				E3ACA87427D79386001BCA41 /* Main */,
				E33A25DD27D5D99500F20E34 /* SingIn */,
			);
			path = Modules;
			sourceTree = "<group>";
		};
		E33A25DD27D5D99500F20E34 /* SingIn */ = {
			isa = PBXGroup;
			children = (
				E33A25DE27D5D9C300F20E34 /* SingInPresenter.swift */,
				E33A25DF27D5D9C300F20E34 /* SingInWorker.swift */,
				E33A25E027D5D9C300F20E34 /* SingInRouter.swift */,
				E33A25E127D5D9C300F20E34 /* SingInModels.swift */,
				E33A25E227D5D9C300F20E34 /* SingInViewController.swift */,
				E33A25E327D5D9C300F20E34 /* SingInInteractor.swift */,
			);
			path = SingIn;
			sourceTree = "<group>";
		};
		E33A25EA27D5F73500F20E34 /* Models */ = {
			isa = PBXGroup;
			children = (
				E33A25EB27D5F74F00F20E34 /* PhoneMaskModel.swift */,
				E3ACA87227D76287001BCA41 /* PostResponseModel.swift */,
				E3ACA88427D7A9E0001BCA41 /* ListModel.swift */,
			);
			path = Models;
			sourceTree = "<group>";
		};
		E3ACA87427D79386001BCA41 /* Main */ = {
			isa = PBXGroup;
			children = (
				E3ACA87527D793CD001BCA41 /* MainPresenter.swift */,
				E3ACA87627D793CD001BCA41 /* MainWorker.swift */,
				E3ACA87727D793CD001BCA41 /* MainRouter.swift */,
				E3ACA87827D793CD001BCA41 /* MainModels.swift */,
				E3ACA87927D793CD001BCA41 /* MainViewController.swift */,
				E3ACA87A27D793CD001BCA41 /* MainInteractor.swift */,
				E3ACA88327D7A8B0001BCA41 /* Views */,
			);
			path = Main;
			sourceTree = "<group>";
		};
		E3ACA88327D7A8B0001BCA41 /* Views */ = {
			isa = PBXGroup;
			children = (
				E3ACA88127D7A8AB001BCA41 /* ListTableView.swift */,
			);
			path = Views;
			sourceTree = "<group>";
		};
/* End PBXGroup section */

/* Begin PBXNativeTarget section */
		E33A25C427D5D8E700F20E34 /* DevExam */ = {
			isa = PBXNativeTarget;
			buildConfigurationList = E33A25D927D5D8EE00F20E34 /* Build configuration list for PBXNativeTarget "DevExam" */;
			buildPhases = (
				79A59DF672BC05BE3285D5C1 /* [CP] Check Pods Manifest.lock */,
				E33A25C127D5D8E700F20E34 /* Sources */,
				E33A25C227D5D8E700F20E34 /* Frameworks */,
				E33A25C327D5D8E700F20E34 /* Resources */,
				E527980F15A21E037F8F5C86 /* [CP] Embed Pods Frameworks */,
			);
			buildRules = (
			);
			dependencies = (
			);
			name = DevExam;
			productName = DevExam;
			productReference = E33A25C527D5D8E700F20E34 /* DevExam.app */;
			productType = "com.apple.product-type.application";
		};
/* End PBXNativeTarget section */

/* Begin PBXProject section */
		E33A25BD27D5D8E600F20E34 /* Project object */ = {
			isa = PBXProject;
			attributes = {
				BuildIndependentTargetsInParallel = 1;
				LastSwiftUpdateCheck = 1320;
				LastUpgradeCheck = 1320;
				TargetAttributes = {
					E33A25C427D5D8E700F20E34 = {
						CreatedOnToolsVersion = 13.2.1;
					};
				};
			};
			buildConfigurationList = E33A25C027D5D8E600F20E34 /* Build configuration list for PBXProject "DevExam" */;
			compatibilityVersion = "Xcode 13.0";
			developmentRegion = en;
			hasScannedForEncodings = 0;
			knownRegions = (
				en,
				Base,
			);
			mainGroup = E33A25BC27D5D8E600F20E34;
			productRefGroup = E33A25C627D5D8E700F20E34 /* Products */;
			projectDirPath = "";
			projectRoot = "";
			targets = (
				E33A25C427D5D8E700F20E34 /* DevExam */,
			);
		};
/* End PBXProject section */

/* Begin PBXResourcesBuildPhase section */
		E33A25C327D5D8E700F20E34 /* Resources */ = {
			isa = PBXResourcesBuildPhase;
			buildActionMask = 2147483647;
			files = (
				E33A25D527D5D8EE00F20E34 /* LaunchScreen.storyboard in Resources */,
				E33A25D227D5D8EE00F20E34 /* Assets.xcassets in Resources */,
			);
			runOnlyForDeploymentPostprocessing = 0;
		};
/* End PBXResourcesBuildPhase section */

/* Begin PBXShellScriptBuildPhase section */
		79A59DF672BC05BE3285D5C1 /* [CP] Check Pods Manifest.lock */ = {
			isa = PBXShellScriptBuildPhase;
			buildActionMask = 2147483647;
			files = (
			);
			inputFileListPaths = (
			);
			inputPaths = (
				"${PODS_PODFILE_DIR_PATH}/Podfile.lock",
				"${PODS_ROOT}/Manifest.lock",
			);
			name = "[CP] Check Pods Manifest.lock";
			outputFileListPaths = (
			);
			outputPaths = (
				"$(DERIVED_FILE_DIR)/Pods-DevExam-checkManifestLockResult.txt",
			);
			runOnlyForDeploymentPostprocessing = 0;
			shellPath = /bin/sh;
			shellScript = "diff \"${PODS_PODFILE_DIR_PATH}/Podfile.lock\" \"${PODS_ROOT}/Manifest.lock\" > /dev/null\nif [ $? != 0 ] ; then\n    # print error to STDERR\n    echo \"error: The sandbox is not in sync with the Podfile.lock. Run 'pod install' or update your CocoaPods installation.\" >&2\n    exit 1\nfi\n# This output is used by Xcode 'outputs' to avoid re-running this script phase.\necho \"SUCCESS\" > \"${SCRIPT_OUTPUT_FILE_0}\"\n";
			showEnvVarsInLog = 0;
		};
		E527980F15A21E037F8F5C86 /* [CP] Embed Pods Frameworks */ = {
			isa = PBXShellScriptBuildPhase;
			buildActionMask = 2147483647;
			files = (
			);
			inputFileListPaths = (
				"${PODS_ROOT}/Target Support Files/Pods-DevExam/Pods-DevExam-frameworks-${CONFIGURATION}-input-files.xcfilelist",
			);
			name = "[CP] Embed Pods Frameworks";
			outputFileListPaths = (
				"${PODS_ROOT}/Target Support Files/Pods-DevExam/Pods-DevExam-frameworks-${CONFIGURATION}-output-files.xcfilelist",
			);
			runOnlyForDeploymentPostprocessing = 0;
			shellPath = /bin/sh;
			shellScript = "\"${PODS_ROOT}/Target Support Files/Pods-DevExam/Pods-DevExam-frameworks.sh\"\n";
			showEnvVarsInLog = 0;
		};
/* End PBXShellScriptBuildPhase section */

/* Begin PBXSourcesBuildPhase section */
		E33A25C127D5D8E700F20E34 /* Sources */ = {
			isa = PBXSourcesBuildPhase;
			buildActionMask = 2147483647;
			files = (
				E33A25E927D5D9C300F20E34 /* SingInInteractor.swift in Sources */,
				E33A25E427D5D9C300F20E34 /* SingInPresenter.swift in Sources */,
				E33A25E727D5D9C300F20E34 /* SingInModels.swift in Sources */,
				E33A25E527D5D9C300F20E34 /* SingInWorker.swift in Sources */,
				E3ACA87327D76287001BCA41 /* PostResponseModel.swift in Sources */,
				E3ACA87D27D793CD001BCA41 /* MainRouter.swift in Sources */,
				E3ACA87B27D793CD001BCA41 /* MainPresenter.swift in Sources */,
				E3ACA87F27D793CD001BCA41 /* MainViewController.swift in Sources */,
				E3ACA88027D793CD001BCA41 /* MainInteractor.swift in Sources */,
				E33A25E827D5D9C300F20E34 /* SingInViewController.swift in Sources */,
				E3ACA88527D7A9E0001BCA41 /* ListModel.swift in Sources */,
				E33A25C927D5D8E700F20E34 /* AppDelegate.swift in Sources */,
				E33A25EC27D5F74F00F20E34 /* PhoneMaskModel.swift in Sources */,
				E3ACA87C27D793CD001BCA41 /* MainWorker.swift in Sources */,
				E3ACA88227D7A8AB001BCA41 /* ListTableView.swift in Sources */,
				E3ACA87E27D793CD001BCA41 /* MainModels.swift in Sources */,
				E33A25E627D5D9C300F20E34 /* SingInRouter.swift in Sources */,
			);
			runOnlyForDeploymentPostprocessing = 0;
		};
/* End PBXSourcesBuildPhase section */

/* Begin PBXVariantGroup section */
		E33A25D327D5D8EE00F20E34 /* LaunchScreen.storyboard */ = {
			isa = PBXVariantGroup;
			children = (
				E33A25D427D5D8EE00F20E34 /* Base */,
			);
			name = LaunchScreen.storyboard;
			sourceTree = "<group>";
		};
/* End PBXVariantGroup section */

/* Begin XCBuildConfiguration section */
		E33A25D727D5D8EE00F20E34 /* Debug */ = {
			isa = XCBuildConfiguration;
			buildSettings = {
				ALWAYS_SEARCH_USER_PATHS = NO;
				CLANG_ANALYZER_NONNULL = YES;
				CLANG_ANALYZER_NUMBER_OBJECT_CONVERSION = YES_AGGRESSIVE;
				CLANG_CXX_LANGUAGE_STANDARD = "gnu++17";
				CLANG_CXX_LIBRARY = "libc++";
				CLANG_ENABLE_MODULES = YES;
				CLANG_ENABLE_OBJC_ARC = YES;
				CLANG_ENABLE_OBJC_WEAK = YES;
				CLANG_WARN_BLOCK_CAPTURE_AUTORELEASING = YES;
				CLANG_WARN_BOOL_CONVERSION = YES;
				CLANG_WARN_COMMA = YES;
				CLANG_WARN_CONSTANT_CONVERSION = YES;
				CLANG_WARN_DEPRECATED_OBJC_IMPLEMENTATIONS = YES;
				CLANG_WARN_DIRECT_OBJC_ISA_USAGE = YES_ERROR;
				CLANG_WARN_DOCUMENTATION_COMMENTS = YES;
				CLANG_WARN_EMPTY_BODY = YES;
				CLANG_WARN_ENUM_CONVERSION = YES;
				CLANG_WARN_INFINITE_RECURSION = YES;
				CLANG_WARN_INT_CONVERSION = YES;
				CLANG_WARN_NON_LITERAL_NULL_CONVERSION = YES;
				CLANG_WARN_OBJC_IMPLICIT_RETAIN_SELF = YES;
				CLANG_WARN_OBJC_LITERAL_CONVERSION = YES;
				CLANG_WARN_OBJC_ROOT_CLASS = YES_ERROR;
				CLANG_WARN_QUOTED_INCLUDE_IN_FRAMEWORK_HEADER = YES;
				CLANG_WARN_RANGE_LOOP_ANALYSIS = YES;
				CLANG_WARN_STRICT_PROTOTYPES = YES;
				CLANG_WARN_SUSPICIOUS_MOVE = YES;
				CLANG_WARN_UNGUARDED_AVAILABILITY = YES_AGGRESSIVE;
				CLANG_WARN_UNREACHABLE_CODE = YES;
				CLANG_WARN__DUPLICATE_METHOD_MATCH = YES;
				COPY_PHASE_STRIP = NO;
				DEBUG_INFORMATION_FORMAT = dwarf;
				ENABLE_STRICT_OBJC_MSGSEND = YES;
				ENABLE_TESTABILITY = YES;
				GCC_C_LANGUAGE_STANDARD = gnu11;
				GCC_DYNAMIC_NO_PIC = NO;
				GCC_NO_COMMON_BLOCKS = YES;
				GCC_OPTIMIZATION_LEVEL = 0;
				GCC_PREPROCESSOR_DEFINITIONS = (
					"DEBUG=1",
					"$(inherited)",
				);
				GCC_WARN_64_TO_32_BIT_CONVERSION = YES;
				GCC_WARN_ABOUT_RETURN_TYPE = YES_ERROR;
				GCC_WARN_UNDECLARED_SELECTOR = YES;
				GCC_WARN_UNINITIALIZED_AUTOS = YES_AGGRESSIVE;
				GCC_WARN_UNUSED_FUNCTION = YES;
				GCC_WARN_UNUSED_VARIABLE = YES;
				IPHONEOS_DEPLOYMENT_TARGET = 12.0;
				MTL_ENABLE_DEBUG_INFO = INCLUDE_SOURCE;
				MTL_FAST_MATH = YES;
				ONLY_ACTIVE_ARCH = YES;
				SDKROOT = iphoneos;
				SWIFT_ACTIVE_COMPILATION_CONDITIONS = DEBUG;
				SWIFT_OPTIMIZATION_LEVEL = "-Onone";
			};
			name = Debug;
		};
		E33A25D827D5D8EE00F20E34 /* Release */ = {
			isa = XCBuildConfiguration;
			buildSettings = {
				ALWAYS_SEARCH_USER_PATHS = NO;
				CLANG_ANALYZER_NONNULL = YES;
				CLANG_ANALYZER_NUMBER_OBJECT_CONVERSION = YES_AGGRESSIVE;
				CLANG_CXX_LANGUAGE_STANDARD = "gnu++17";
				CLANG_CXX_LIBRARY = "libc++";
				CLANG_ENABLE_MODULES = YES;
				CLANG_ENABLE_OBJC_ARC = YES;
				CLANG_ENABLE_OBJC_WEAK = YES;
				CLANG_WARN_BLOCK_CAPTURE_AUTORELEASING = YES;
				CLANG_WARN_BOOL_CONVERSION = YES;
				CLANG_WARN_COMMA = YES;
				CLANG_WARN_CONSTANT_CONVERSION = YES;
				CLANG_WARN_DEPRECATED_OBJC_IMPLEMENTATIONS = YES;
				CLANG_WARN_DIRECT_OBJC_ISA_USAGE = YES_ERROR;
				CLANG_WARN_DOCUMENTATION_COMMENTS = YES;
				CLANG_WARN_EMPTY_BODY = YES;
				CLANG_WARN_ENUM_CONVERSION = YES;
				CLANG_WARN_INFINITE_RECURSION = YES;
				CLANG_WARN_INT_CONVERSION = YES;
				CLANG_WARN_NON_LITERAL_NULL_CONVERSION = YES;
				CLANG_WARN_OBJC_IMPLICIT_RETAIN_SELF = YES;
				CLANG_WARN_OBJC_LITERAL_CONVERSION = YES;
				CLANG_WARN_OBJC_ROOT_CLASS = YES_ERROR;
				CLANG_WARN_QUOTED_INCLUDE_IN_FRAMEWORK_HEADER = YES;
				CLANG_WARN_RANGE_LOOP_ANALYSIS = YES;
				CLANG_WARN_STRICT_PROTOTYPES = YES;
				CLANG_WARN_SUSPICIOUS_MOVE = YES;
				CLANG_WARN_UNGUARDED_AVAILABILITY = YES_AGGRESSIVE;
				CLANG_WARN_UNREACHABLE_CODE = YES;
				CLANG_WARN__DUPLICATE_METHOD_MATCH = YES;
				COPY_PHASE_STRIP = NO;
				DEBUG_INFORMATION_FORMAT = "dwarf-with-dsym";
				ENABLE_NS_ASSERTIONS = NO;
				ENABLE_STRICT_OBJC_MSGSEND = YES;
				GCC_C_LANGUAGE_STANDARD = gnu11;
				GCC_NO_COMMON_BLOCKS = YES;
				GCC_WARN_64_TO_32_BIT_CONVERSION = YES;
				GCC_WARN_ABOUT_RETURN_TYPE = YES_ERROR;
				GCC_WARN_UNDECLARED_SELECTOR = YES;
				GCC_WARN_UNINITIALIZED_AUTOS = YES_AGGRESSIVE;
				GCC_WARN_UNUSED_FUNCTION = YES;
				GCC_WARN_UNUSED_VARIABLE = YES;
				IPHONEOS_DEPLOYMENT_TARGET = 12.0;
				MTL_ENABLE_DEBUG_INFO = NO;
				MTL_FAST_MATH = YES;
				SDKROOT = iphoneos;
				SWIFT_COMPILATION_MODE = wholemodule;
				SWIFT_OPTIMIZATION_LEVEL = "-O";
				VALIDATE_PRODUCT = YES;
			};
			name = Release;
		};
		E33A25DA27D5D8EE00F20E34 /* Debug */ = {
			isa = XCBuildConfiguration;
			baseConfigurationReference = 04E8D7F2D1C3E7E355337053 /* Pods-DevExam.debug.xcconfig */;
			buildSettings = {
				ASSETCATALOG_COMPILER_APPICON_NAME = AppIcon;
				ASSETCATALOG_COMPILER_GLOBAL_ACCENT_COLOR_NAME = AccentColor;
				CODE_SIGN_STYLE = Automatic;
				CURRENT_PROJECT_VERSION = 1;
				DEVELOPMENT_TEAM = E4F3RD8E26;
				GENERATE_INFOPLIST_FILE = YES;
				INFOPLIST_FILE = DevExam/Info.plist;
				INFOPLIST_KEY_UIApplicationSupportsIndirectInputEvents = YES;
				INFOPLIST_KEY_UILaunchStoryboardName = LaunchScreen;
				INFOPLIST_KEY_UISupportedInterfaceOrientations = UIInterfaceOrientationPortrait;
				INFOPLIST_KEY_UISupportedInterfaceOrientations_iPhone = UIInterfaceOrientationPortrait;
				LD_RUNPATH_SEARCH_PATHS = (
					"$(inherited)",
					"@executable_path/Frameworks",
				);
				MARKETING_VERSION = 1.0;
				PRODUCT_BUNDLE_IDENTIFIER = Vonkad.DevExam;
				PRODUCT_NAME = "$(TARGET_NAME)";
				SWIFT_EMIT_LOC_STRINGS = YES;
				SWIFT_VERSION = 5.0;
				TARGETED_DEVICE_FAMILY = 1;
			};
			name = Debug;
		};
		E33A25DB27D5D8EE00F20E34 /* Release */ = {
			isa = XCBuildConfiguration;
			baseConfigurationReference = E0C1FF48CF122D85E52F99CF /* Pods-DevExam.release.xcconfig */;
			buildSettings = {
				ASSETCATALOG_COMPILER_APPICON_NAME = AppIcon;
				ASSETCATALOG_COMPILER_GLOBAL_ACCENT_COLOR_NAME = AccentColor;
				CODE_SIGN_STYLE = Automatic;
				CURRENT_PROJECT_VERSION = 1;
				DEVELOPMENT_TEAM = E4F3RD8E26;
				GENERATE_INFOPLIST_FILE = YES;
				INFOPLIST_FILE = DevExam/Info.plist;
				INFOPLIST_KEY_UIApplicationSupportsIndirectInputEvents = YES;
				INFOPLIST_KEY_UILaunchStoryboardName = LaunchScreen;
				INFOPLIST_KEY_UISupportedInterfaceOrientations = UIInterfaceOrientationPortrait;
				INFOPLIST_KEY_UISupportedInterfaceOrientations_iPhone = UIInterfaceOrientationPortrait;
				LD_RUNPATH_SEARCH_PATHS = (
					"$(inherited)",
					"@executable_path/Frameworks",
				);
				MARKETING_VERSION = 1.0;
				PRODUCT_BUNDLE_IDENTIFIER = Vonkad.DevExam;
				PRODUCT_NAME = "$(TARGET_NAME)";
				SWIFT_EMIT_LOC_STRINGS = YES;
				SWIFT_VERSION = 5.0;
				TARGETED_DEVICE_FAMILY = 1;
			};
			name = Release;
		};
/* End XCBuildConfiguration section */

/* Begin XCConfigurationList section */
		E33A25C027D5D8E600F20E34 /* Build configuration list for PBXProject "DevExam" */ = {
			isa = XCConfigurationList;
			buildConfigurations = (
				E33A25D727D5D8EE00F20E34 /* Debug */,
				E33A25D827D5D8EE00F20E34 /* Release */,
			);
			defaultConfigurationIsVisible = 0;
			defaultConfigurationName = Release;
		};
		E33A25D927D5D8EE00F20E34 /* Build configuration list for PBXNativeTarget "DevExam" */ = {
			isa = XCConfigurationList;
			buildConfigurations = (
				E33A25DA27D5D8EE00F20E34 /* Debug */,
				E33A25DB27D5D8EE00F20E34 /* Release */,
			);
			defaultConfigurationIsVisible = 0;
			defaultConfigurationName = Release;
		};
/* End XCConfigurationList section */
	};
	rootObject = E33A25BD27D5D8E600F20E34 /* Project object */;
}
